
Microsoft Visual Studio Solution File, Format Version 12.00
# Visual Studio 15
VisualStudioVersion = 15.0.27703.2042
MinimumVisualStudioVersion = 10.0.40219.1
Project("{FAE04EC0-301F-11D3-BF4B-00C04F79EFBC}") = "MQTTView.Android", "MQTTView\MQTTView.Android\MQTTView.Android.csproj", "{91C1129A-5884-4355-829F-BC14C22D36AD}"
EndProject
Project("{FAE04EC0-301F-11D3-BF4B-00C04F79EFBC}") = "MQTTView.iOS", "MQTTView\MQTTView.iOS\MQTTView.iOS.csproj", "{7532B88C-859F-4D5E-9FB3-D73C9AA31561}"
EndProject
Project("{FAE04EC0-301F-11D3-BF4B-00C04F79EFBC}") = "MQTTView.UWP", "MQTTView\MQTTView.UWP\MQTTView.UWP.csproj", "{897AEC42-52D7-4947-AAA1-2948B45FD432}"
EndProject
Project("{D954291E-2A0B-460D-934E-DC6B0785DB48}") = "MQTTView", "MQTTView\MQTTView\MQTTView.shproj", "{60839F66-FCEB-4460-9CCE-A777D1749FCF}"
EndProject
Global
	GlobalSection(SharedMSBuildProjectFiles) = preSolution
		MQTTView\MQTTView\MQTTView.projitems*{60839f66-fceb-4460-9cce-a777d1749fcf}*SharedItemsImports = 13
		MQTTView\MQTTView\MQTTView.projitems*{7532b88c-859f-4d5e-9fb3-d73c9aa31561}*SharedItemsImports = 4
		MQTTView\MQTTView\MQTTView.projitems*{897aec42-52d7-4947-aaa1-2948b45fd432}*SharedItemsImports = 4
		MQTTView\MQTTView\MQTTView.projitems*{91c1129a-5884-4355-829f-bc14c22d36ad}*SharedItemsImports = 4
	EndGlobalSection
	GlobalSection(SolutionConfigurationPlatforms) = preSolution
		Ad-Hoc|Any CPU = Ad-Hoc|Any CPU
		Ad-Hoc|ARM = Ad-Hoc|ARM
		Ad-Hoc|iPhone = Ad-Hoc|iPhone
		Ad-Hoc|iPhoneSimulator = Ad-Hoc|iPhoneSimulator
		Ad-Hoc|x64 = Ad-Hoc|x64
		Ad-Hoc|x86 = Ad-Hoc|x86
		AppStore|Any CPU = AppStore|Any CPU
		AppStore|ARM = AppStore|ARM
		AppStore|iPhone = AppStore|iPhone
		AppStore|iPhoneSimulator = AppStore|iPhoneSimulator
		AppStore|x64 = AppStore|x64
		AppStore|x86 = AppStore|x86
		Debug|Any CPU = Debug|Any CPU
		Debug|ARM = Debug|ARM
		Debug|iPhone = Debug|iPhone
		Debug|iPhoneSimulator = Debug|iPhoneSimulator
		Debug|x64 = Debug|x64
		Debug|x86 = Debug|x86
		Release|Any CPU = Release|Any CPU
		Release|ARM = Release|ARM
		Release|iPhone = Release|iPhone
		Release|iPhoneSimulator = Release|iPhoneSimulator
		Release|x64 = Release|x64
		Release|x86 = Release|x86
	EndGlobalSection
	GlobalSection(ProjectConfigurationPlatforms) = postSolution
		{91C1129A-5884-4355-829F-BC14C22D36AD}.Ad-Hoc|Any CPU.ActiveCfg = Release|Any CPU
		{91C1129A-5884-4355-829F-BC14C22D36AD}.Ad-Hoc|Any CPU.Build.0 = Release|Any CPU
		{91C1129A-5884-4355-829F-BC14C22D36AD}.Ad-Hoc|Any CPU.Deploy.0 = Release|Any CPU
		{91C1129A-5884-4355-829F-BC14C22D36AD}.Ad-Hoc|ARM.ActiveCfg = Release|Any CPU
		{91C1129A-5884-4355-829F-BC14C22D36AD}.Ad-Hoc|ARM.Build.0 = Release|Any CPU
		{91C1129A-5884-4355-829F-BC14C22D36AD}.Ad-Hoc|ARM.Deploy.0 = Release|Any CPU
		{91C1129A-5884-4355-829F-BC14C22D36AD}.Ad-Hoc|iPhone.ActiveCfg = Release|Any CPU
		{91C1129A-5884-4355-829F-BC14C22D36AD}.Ad-Hoc|iPhone.Build.0 = Release|Any CPU
		{91C1129A-5884-4355-829F-BC14C22D36AD}.Ad-Hoc|iPhone.Deploy.0 = Release|Any CPU
		{91C1129A-5884-4355-829F-BC14C22D36AD}.Ad-Hoc|iPhoneSimulator.ActiveCfg = Release|Any CPU
		{91C1129A-5884-4355-829F-BC14C22D36AD}.Ad-Hoc|iPhoneSimulator.Build.0 = Release|Any CPU
		{91C1129A-5884-4355-829F-BC14C22D36AD}.Ad-Hoc|iPhoneSimulator.Deploy.0 = Release|Any CPU
		{91C1129A-5884-4355-829F-BC14C22D36AD}.Ad-Hoc|x64.ActiveCfg = Release|Any CPU
		{91C1129A-5884-4355-829F-BC14C22D36AD}.Ad-Hoc|x64.Build.0 = Release|Any CPU
		{91C1129A-5884-4355-829F-BC14C22D36AD}.Ad-Hoc|x64.Deploy.0 = Release|Any CPU
		{91C1129A-5884-4355-829F-BC14C22D36AD}.Ad-Hoc|x86.ActiveCfg = Release|Any CPU
		{91C1129A-5884-4355-829F-BC14C22D36AD}.Ad-Hoc|x86.Build.0 = Release|Any CPU
		{91C1129A-5884-4355-829F-BC14C22D36AD}.Ad-Hoc|x86.Deploy.0 = Release|Any CPU
		{91C1129A-5884-4355-829F-BC14C22D36AD}.AppStore|Any CPU.ActiveCfg = Release|Any CPU
		{91C1129A-5884-4355-829F-BC14C22D36AD}.AppStore|Any CPU.Build.0 = Release|Any CPU
		{91C1129A-5884-4355-829F-BC14C22D36AD}.AppStore|Any CPU.Deploy.0 = Release|Any CPU
		{91C1129A-5884-4355-829F-BC14C22D36AD}.AppStore|ARM.ActiveCfg = Release|Any CPU
		{91C1129A-5884-4355-829F-BC14C22D36AD}.AppStore|ARM.Build.0 = Release|Any CPU
		{91C1129A-5884-4355-829F-BC14C22D36AD}.AppStore|ARM.Deploy.0 = Release|Any CPU
		{91C1129A-5884-4355-829F-BC14C22D36AD}.AppStore|iPhone.ActiveCfg = Release|Any CPU
		{91C1129A-5884-4355-829F-BC14C22D36AD}.AppStore|iPhone.Build.0 = Release|Any CPU
		{91C1129A-5884-4355-829F-BC14C22D36AD}.AppStore|iPhone.Deploy.0 = Release|Any CPU
		{91C1129A-5884-4355-829F-BC14C22D36AD}.AppStore|iPhoneSimulator.ActiveCfg = Release|Any CPU
		{91C1129A-5884-4355-829F-BC14C22D36AD}.AppStore|iPhoneSimulator.Build.0 = Release|Any CPU
		{91C1129A-5884-4355-829F-BC14C22D36AD}.AppStore|iPhoneSimulator.Deploy.0 = Release|Any CPU
		{91C1129A-5884-4355-829F-BC14C22D36AD}.AppStore|x64.ActiveCfg = Release|Any CPU
		{91C1129A-5884-4355-829F-BC14C22D36AD}.AppStore|x64.Build.0 = Release|Any CPU
		{91C1129A-5884-4355-829F-BC14C22D36AD}.AppStore|x64.Deploy.0 = Release|Any CPU
		{91C1129A-5884-4355-829F-BC14C22D36AD}.AppStore|x86.ActiveCfg = Release|Any CPU
		{91C1129A-5884-4355-829F-BC14C22D36AD}.AppStore|x86.Build.0 = Release|Any CPU
		{91C1129A-5884-4355-829F-BC14C22D36AD}.AppStore|x86.Deploy.0 = Release|Any CPU
		{91C1129A-5884-4355-829F-BC14C22D36AD}.Debug|Any CPU.ActiveCfg = Debug|Any CPU
		{91C1129A-5884-4355-829F-BC14C22D36AD}.Debug|Any CPU.Build.0 = Debug|Any CPU
		{91C1129A-5884-4355-829F-BC14C22D36AD}.Debug|Any CPU.Deploy.0 = Debug|Any CPU
		{91C1129A-5884-4355-829F-BC14C22D36AD}.Debug|ARM.ActiveCfg = Debug|Any CPU
		{91C1129A-5884-4355-829F-BC14C22D36AD}.Debug|ARM.Build.0 = Debug|Any CPU
		{91C1129A-5884-4355-829F-BC14C22D36AD}.Debug|ARM.Deploy.0 = Debug|Any CPU
		{91C1129A-5884-4355-829F-BC14C22D36AD}.Debug|iPhone.ActiveCfg = Debug|Any CPU
		{91C1129A-5884-4355-829F-BC14C22D36AD}.Debug|iPhone.Build.0 = Debug|Any CPU
		{91C1129A-5884-4355-829F-BC14C22D36AD}.Debug|iPhone.Deploy.0 = Debug|Any CPU
		{91C1129A-5884-4355-829F-BC14C22D36AD}.Debug|iPhoneSimulator.ActiveCfg = Debug|Any CPU
		{91C1129A-5884-4355-829F-BC14C22D36AD}.Debug|iPhoneSimulator.Build.0 = Debug|Any CPU
		{91C1129A-5884-4355-829F-BC14C22D36AD}.Debug|iPhoneSimulator.Deploy.0 = Debug|Any CPU
		{91C1129A-5884-4355-829F-BC14C22D36AD}.Debug|x64.ActiveCfg = Debug|Any CPU
		{91C1129A-5884-4355-829F-BC14C22D36AD}.Debug|x64.Build.0 = Debug|Any CPU
		{91C1129A-5884-4355-829F-BC14C22D36AD}.Debug|x64.Deploy.0 = Debug|Any CPU
		{91C1129A-5884-4355-829F-BC14C22D36AD}.Debug|x86.ActiveCfg = Debug|Any CPU
		{91C1129A-5884-4355-829F-BC14C22D36AD}.Debug|x86.Build.0 = Debug|Any CPU
		{91C1129A-5884-4355-829F-BC14C22D36AD}.Debug|x86.Deploy.0 = Debug|Any CPU
		{91C1129A-5884-4355-829F-BC14C22D36AD}.Release|Any CPU.ActiveCfg = Release|Any CPU
		{91C1129A-5884-4355-829F-BC14C22D36AD}.Release|Any CPU.Build.0 = Release|Any CPU
		{91C1129A-5884-4355-829F-BC14C22D36AD}.Release|Any CPU.Deploy.0 = Release|Any CPU
		{91C1129A-5884-4355-829F-BC14C22D36AD}.Release|ARM.ActiveCfg = Release|Any CPU
		{91C1129A-5884-4355-829F-BC14C22D36AD}.Release|ARM.Build.0 = Release|Any CPU
		{91C1129A-5884-4355-829F-BC14C22D36AD}.Release|ARM.Deploy.0 = Release|Any CPU
		{91C1129A-5884-4355-829F-BC14C22D36AD}.Release|iPhone.ActiveCfg = Release|Any CPU
		{91C1129A-5884-4355-829F-BC14C22D36AD}.Release|iPhone.Build.0 = Release|Any CPU
		{91C1129A-5884-4355-829F-BC14C22D36AD}.Release|iPhone.Deploy.0 = Release|Any CPU
		{91C1129A-5884-4355-829F-BC14C22D36AD}.Release|iPhoneSimulator.ActiveCfg = Release|Any CPU
		{91C1129A-5884-4355-829F-BC14C22D36AD}.Release|iPhoneSimulator.Build.0 = Release|Any CPU
		{91C1129A-5884-4355-829F-BC14C22D36AD}.Release|iPhoneSimulator.Deploy.0 = Release|Any CPU
		{91C1129A-5884-4355-829F-BC14C22D36AD}.Release|x64.ActiveCfg = Release|Any CPU
		{91C1129A-5884-4355-829F-BC14C22D36AD}.Release|x64.Build.0 = Release|Any CPU
		{91C1129A-5884-4355-829F-BC14C22D36AD}.Release|x64.Deploy.0 = Release|Any CPU
		{91C1129A-5884-4355-829F-BC14C22D36AD}.Release|x86.ActiveCfg = Release|Any CPU
		{91C1129A-5884-4355-829F-BC14C22D36AD}.Release|x86.Build.0 = Release|Any CPU
		{91C1129A-5884-4355-829F-BC14C22D36AD}.Release|x86.Deploy.0 = Release|Any CPU
		{7532B88C-859F-4D5E-9FB3-D73C9AA31561}.Ad-Hoc|Any CPU.ActiveCfg = Ad-Hoc|iPhone
		{7532B88C-859F-4D5E-9FB3-D73C9AA31561}.Ad-Hoc|Any CPU.Build.0 = Ad-Hoc|iPhone
		{7532B88C-859F-4D5E-9FB3-D73C9AA31561}.Ad-Hoc|Any CPU.Deploy.0 = Ad-Hoc|iPhone
		{7532B88C-859F-4D5E-9FB3-D73C9AA31561}.Ad-Hoc|ARM.ActiveCfg = Ad-Hoc|iPhone
		{7532B88C-859F-4D5E-9FB3-D73C9AA31561}.Ad-Hoc|ARM.Build.0 = Ad-Hoc|iPhone
		{7532B88C-859F-4D5E-9FB3-D73C9AA31561}.Ad-Hoc|ARM.Deploy.0 = Ad-Hoc|iPhone
		{7532B88C-859F-4D5E-9FB3-D73C9AA31561}.Ad-Hoc|iPhone.ActiveCfg = Ad-Hoc|iPhone
		{7532B88C-859F-4D5E-9FB3-D73C9AA31561}.Ad-Hoc|iPhone.Build.0 = Ad-Hoc|iPhone
		{7532B88C-859F-4D5E-9FB3-D73C9AA31561}.Ad-Hoc|iPhone.Deploy.0 = Ad-Hoc|iPhone
		{7532B88C-859F-4D5E-9FB3-D73C9AA31561}.Ad-Hoc|iPhoneSimulator.ActiveCfg = Ad-Hoc|iPhoneSimulator
		{7532B88C-859F-4D5E-9FB3-D73C9AA31561}.Ad-Hoc|iPhoneSimulator.Build.0 = Ad-Hoc|iPhoneSimulator
		{7532B88C-859F-4D5E-9FB3-D73C9AA31561}.Ad-Hoc|iPhoneSimulator.Deploy.0 = Ad-Hoc|iPhoneSimulator
		{7532B88C-859F-4D5E-9FB3-D73C9AA31561}.Ad-Hoc|x64.ActiveCfg = Ad-Hoc|iPhone
		{7532B88C-859F-4D5E-9FB3-D73C9AA31561}.Ad-Hoc|x64.Build.0 = Ad-Hoc|iPhone
		{7532B88C-859F-4D5E-9FB3-D73C9AA31561}.Ad-Hoc|x64.Deploy.0 = Ad-Hoc|iPhone
		{7532B88C-859F-4D5E-9FB3-D73C9AA31561}.Ad-Hoc|x86.ActiveCfg = Ad-Hoc|iPhone
		{7532B88C-859F-4D5E-9FB3-D73C9AA31561}.Ad-Hoc|x86.Build.0 = Ad-Hoc|iPhone
		{7532B88C-859F-4D5E-9FB3-D73C9AA31561}.Ad-Hoc|x86.Deploy.0 = Ad-Hoc|iPhone
		{7532B88C-859F-4D5E-9FB3-D73C9AA31561}.AppStore|Any CPU.ActiveCfg = AppStore|iPhone
		{7532B88C-859F-4D5E-9FB3-D73C9AA31561}.AppStore|Any CPU.Build.0 = AppStore|iPhone
		{7532B88C-859F-4D5E-9FB3-D73C9AA31561}.AppStore|Any CPU.Deploy.0 = AppStore|iPhone
		{7532B88C-859F-4D5E-9FB3-D73C9AA31561}.AppStore|ARM.ActiveCfg = AppStore|iPhone
		{7532B88C-859F-4D5E-9FB3-D73C9AA31561}.AppStore|ARM.Build.0 = AppStore|iPhone
		{7532B88C-859F-4D5E-9FB3-D73C9AA31561}.AppStore|ARM.Deploy.0 = AppStore|iPhone
		{7532B88C-859F-4D5E-9FB3-D73C9AA31561}.AppStore|iPhone.ActiveCfg = AppStore|iPhone
		{7532B88C-859F-4D5E-9FB3-D73C9AA31561}.AppStore|iPhone.Build.0 = AppStore|iPhone
		{7532B88C-859F-4D5E-9FB3-D73C9AA31561}.AppStore|iPhone.Deploy.0 = AppStore|iPhone
		{7532B88C-859F-4D5E-9FB3-D73C9AA31561}.AppStore|iPhoneSimulator.ActiveCfg = AppStore|iPhoneSimulator
		{7532B88C-859F-4D5E-9FB3-D73C9AA31561}.AppStore|iPhoneSimulator.Build.0 = AppStore|iPhoneSimulator
		{7532B88C-859F-4D5E-9FB3-D73C9AA31561}.AppStore|iPhoneSimulator.Deploy.0 = AppStore|iPhoneSimulator
		{7532B88C-859F-4D5E-9FB3-D73C9AA31561}.AppStore|x64.ActiveCfg = AppStore|iPhone
		{7532B88C-859F-4D5E-9FB3-D73C9AA31561}.AppStore|x64.Build.0 = AppStore|iPhone
		{7532B88C-859F-4D5E-9FB3-D73C9AA31561}.AppStore|x64.Deploy.0 = AppStore|iPhone
		{7532B88C-859F-4D5E-9FB3-D73C9AA31561}.AppStore|x86.ActiveCfg = AppStore|iPhone
		{7532B88C-859F-4D5E-9FB3-D73C9AA31561}.AppStore|x86.Build.0 = AppStore|iPhone
		{7532B88C-859F-4D5E-9FB3-D73C9AA31561}.AppStore|x86.Deploy.0 = AppStore|iPhone
		{7532B88C-859F-4D5E-9FB3-D73C9AA31561}.Debug|Any CPU.ActiveCfg = Debug|iPhoneSimulator
		{7532B88C-859F-4D5E-9FB3-D73C9AA31561}.Debug|Any CPU.Build.0 = Debug|iPhoneSimulator
		{7532B88C-859F-4D5E-9FB3-D73C9AA31561}.Debug|Any CPU.Deploy.0 = Debug|iPhoneSimulator
		{7532B88C-859F-4D5E-9FB3-D73C9AA31561}.Debug|ARM.ActiveCfg = Debug|iPhone
		{7532B88C-859F-4D5E-9FB3-D73C9AA31561}.Debug|ARM.Build.0 = Debug|iPhone
		{7532B88C-859F-4D5E-9FB3-D73C9AA31561}.Debug|ARM.Deploy.0 = Debug|iPhone
		{7532B88C-859F-4D5E-9FB3-D73C9AA31561}.Debug|iPhone.ActiveCfg = Debug|iPhone
		{7532B88C-859F-4D5E-9FB3-D73C9AA31561}.Debug|iPhone.Build.0 = Debug|iPhone
		{7532B88C-859F-4D5E-9FB3-D73C9AA31561}.Debug|iPhone.Deploy.0 = Debug|iPhone
		{7532B88C-859F-4D5E-9FB3-D73C9AA31561}.Debug|iPhoneSimulator.ActiveCfg = Debug|iPhoneSimulator
		{7532B88C-859F-4D5E-9FB3-D73C9AA31561}.Debug|iPhoneSimulator.Build.0 = Debug|iPhoneSimulator
		{7532B88C-859F-4D5E-9FB3-D73C9AA31561}.Debug|iPhoneSimulator.Deploy.0 = Debug|iPhoneSimulator
		{7532B88C-859F-4D5E-9FB3-D73C9AA31561}.Debug|x64.ActiveCfg = Debug|iPhone
		{7532B88C-859F-4D5E-9FB3-D73C9AA31561}.Debug|x64.Build.0 = Debug|iPhone
		{7532B88C-859F-4D5E-9FB3-D73C9AA31561}.Debug|x64.Deploy.0 = Debug|iPhone
		{7532B88C-859F-4D5E-9FB3-D73C9AA31561}.Debug|x86.ActiveCfg = Debug|iPhone
		{7532B88C-859F-4D5E-9FB3-D73C9AA31561}.Debug|x86.Build.0 = Debug|iPhone
		{7532B88C-859F-4D5E-9FB3-D73C9AA31561}.Debug|x86.Deploy.0 = Debug|iPhone
		{7532B88C-859F-4D5E-9FB3-D73C9AA31561}.Release|Any CPU.ActiveCfg = Release|iPhone
		{7532B88C-859F-4D5E-9FB3-D73C9AA31561}.Release|Any CPU.Build.0 = Release|iPhone
		{7532B88C-859F-4D5E-9FB3-D73C9AA31561}.Release|Any CPU.Deploy.0 = Release|iPhone
		{7532B88C-859F-4D5E-9FB3-D73C9AA31561}.Release|ARM.ActiveCfg = Release|iPhone
		{7532B88C-859F-4D5E-9FB3-D73C9AA31561}.Release|ARM.Build.0 = Release|iPhone
		{7532B88C-859F-4D5E-9FB3-D73C9AA31561}.Release|ARM.Deploy.0 = Release|iPhone
		{7532B88C-859F-4D5E-9FB3-D73C9AA31561}.Release|iPhone.ActiveCfg = Release|iPhone
		{7532B88C-859F-4D5E-9FB3-D73C9AA31561}.Release|iPhone.Build.0 = Release|iPhone
		{7532B88C-859F-4D5E-9FB3-D73C9AA31561}.Release|iPhone.Deploy.0 = Release|iPhone
		{7532B88C-859F-4D5E-9FB3-D73C9AA31561}.Release|iPhoneSimulator.ActiveCfg = Release|iPhoneSimulator
		{7532B88C-859F-4D5E-9FB3-D73C9AA31561}.Release|iPhoneSimulator.Build.0 = Release|iPhoneSimulator
		{7532B88C-859F-4D5E-9FB3-D73C9AA31561}.Release|iPhoneSimulator.Deploy.0 = Release|iPhoneSimulator
		{7532B88C-859F-4D5E-9FB3-D73C9AA31561}.Release|x64.ActiveCfg = Release|iPhone
		{7532B88C-859F-4D5E-9FB3-D73C9AA31561}.Release|x64.Build.0 = Release|iPhone
		{7532B88C-859F-4D5E-9FB3-D73C9AA31561}.Release|x64.Deploy.0 = Release|iPhone
		{7532B88C-859F-4D5E-9FB3-D73C9AA31561}.Release|x86.ActiveCfg = Release|iPhone
		{7532B88C-859F-4D5E-9FB3-D73C9AA31561}.Release|x86.Build.0 = Release|iPhone
		{7532B88C-859F-4D5E-9FB3-D73C9AA31561}.Release|x86.Deploy.0 = Release|iPhone
		{897AEC42-52D7-4947-AAA1-2948B45FD432}.Ad-Hoc|Any CPU.ActiveCfg = Release|x86
		{897AEC42-52D7-4947-AAA1-2948B45FD432}.Ad-Hoc|Any CPU.Build.0 = Release|x86
		{897AEC42-52D7-4947-AAA1-2948B45FD432}.Ad-Hoc|Any CPU.Deploy.0 = Release|x86
		{897AEC42-52D7-4947-AAA1-2948B45FD432}.Ad-Hoc|ARM.ActiveCfg = Release|ARM
		{897AEC42-52D7-4947-AAA1-2948B45FD432}.Ad-Hoc|ARM.Build.0 = Release|ARM
		{897AEC42-52D7-4947-AAA1-2948B45FD432}.Ad-Hoc|ARM.Deploy.0 = Release|ARM
		{897AEC42-52D7-4947-AAA1-2948B45FD432}.Ad-Hoc|iPhone.ActiveCfg = Release|x86
		{897AEC42-52D7-4947-AAA1-2948B45FD432}.Ad-Hoc|iPhone.Build.0 = Release|x86
		{897AEC42-52D7-4947-AAA1-2948B45FD432}.Ad-Hoc|iPhone.Deploy.0 = Release|x86
		{897AEC42-52D7-4947-AAA1-2948B45FD432}.Ad-Hoc|iPhoneSimulator.ActiveCfg = Release|x86
		{897AEC42-52D7-4947-AAA1-2948B45FD432}.Ad-Hoc|iPhoneSimulator.Build.0 = Release|x86
		{897AEC42-52D7-4947-AAA1-2948B45FD432}.Ad-Hoc|iPhoneSimulator.Deploy.0 = Release|x86
		{897AEC42-52D7-4947-AAA1-2948B45FD432}.Ad-Hoc|x64.ActiveCfg = Release|x64
		{897AEC42-52D7-4947-AAA1-2948B45FD432}.Ad-Hoc|x64.Build.0 = Release|x64
		{897AEC42-52D7-4947-AAA1-2948B45FD432}.Ad-Hoc|x64.Deploy.0 = Release|x64
		{897AEC42-52D7-4947-AAA1-2948B45FD432}.Ad-Hoc|x86.ActiveCfg = Release|x86
		{897AEC42-52D7-4947-AAA1-2948B45FD432}.Ad-Hoc|x86.Build.0 = Release|x86
		{897AEC42-52D7-4947-AAA1-2948B45FD432}.Ad-Hoc|x86.Deploy.0 = Release|x86
		{897AEC42-52D7-4947-AAA1-2948B45FD432}.AppStore|Any CPU.ActiveCfg = Release|x86
		{897AEC42-52D7-4947-AAA1-2948B45FD432}.AppStore|Any CPU.Build.0 = Release|x86
		{897AEC42-52D7-4947-AAA1-2948B45FD432}.AppStore|Any CPU.Deploy.0 = Release|x86
		{897AEC42-52D7-4947-AAA1-2948B45FD432}.AppStore|ARM.ActiveCfg = Release|ARM
		{897AEC42-52D7-4947-AAA1-2948B45FD432}.AppStore|ARM.Build.0 = Release|ARM
		{897AEC42-52D7-4947-AAA1-2948B45FD432}.AppStore|ARM.Deploy.0 = Release|ARM
		{897AEC42-52D7-4947-AAA1-2948B45FD432}.AppStore|iPhone.ActiveCfg = Release|x86
		{897AEC42-52D7-4947-AAA1-2948B45FD432}.AppStore|iPhone.Build.0 = Release|x86
		{897AEC42-52D7-4947-AAA1-2948B45FD432}.AppStore|iPhone.Deploy.0 = Release|x86
		{897AEC42-52D7-4947-AAA1-2948B45FD432}.AppStore|iPhoneSimulator.ActiveCfg = Release|x86
		{897AEC42-52D7-4947-AAA1-2948B45FD432}.AppStore|iPhoneSimulator.Build.0 = Release|x86
		{897AEC42-52D7-4947-AAA1-2948B45FD432}.AppStore|iPhoneSimulator.Deploy.0 = Release|x86
		{897AEC42-52D7-4947-AAA1-2948B45FD432}.AppStore|x64.ActiveCfg = Release|x64
		{897AEC42-52D7-4947-AAA1-2948B45FD432}.AppStore|x64.Build.0 = Release|x64
		{897AEC42-52D7-4947-AAA1-2948B45FD432}.AppStore|x64.Deploy.0 = Release|x64
		{897AEC42-52D7-4947-AAA1-2948B45FD432}.AppStore|x86.ActiveCfg = Release|x86
		{897AEC42-52D7-4947-AAA1-2948B45FD432}.AppStore|x86.Build.0 = Release|x86
		{897AEC42-52D7-4947-AAA1-2948B45FD432}.AppStore|x86.Deploy.0 = Release|x86
		{897AEC42-52D7-4947-AAA1-2948B45FD432}.Debug|Any CPU.ActiveCfg = Debug|x86
		{897AEC42-52D7-4947-AAA1-2948B45FD432}.Debug|Any CPU.Build.0 = Debug|x86
		{897AEC42-52D7-4947-AAA1-2948B45FD432}.Debug|Any CPU.Deploy.0 = Debug|x86
		{897AEC42-52D7-4947-AAA1-2948B45FD432}.Debug|ARM.ActiveCfg = Debug|ARM
		{897AEC42-52D7-4947-AAA1-2948B45FD432}.Debug|ARM.Build.0 = Debug|ARM
		{897AEC42-52D7-4947-AAA1-2948B45FD432}.Debug|ARM.Deploy.0 = Debug|ARM
		{897AEC42-52D7-4947-AAA1-2948B45FD432}.Debug|iPhone.ActiveCfg = Debug|x86
		{897AEC42-52D7-4947-AAA1-2948B45FD432}.Debug|iPhone.Build.0 = Debug|x86
		{897AEC42-52D7-4947-AAA1-2948B45FD432}.Debug|iPhone.Deploy.0 = Debug|x86
		{897AEC42-52D7-4947-AAA1-2948B45FD432}.Debug|iPhoneSimulator.ActiveCfg = Debug|x86
		{897AEC42-52D7-4947-AAA1-2948B45FD432}.Debug|iPhoneSimulator.Build.0 = Debug|x86
		{897AEC42-52D7-4947-AAA1-2948B45FD432}.Debug|iPhoneSimulator.Deploy.0 = Debug|x86
		{897AEC42-52D7-4947-AAA1-2948B45FD432}.Debug|x64.ActiveCfg = Debug|x64
		{897AEC42-52D7-4947-AAA1-2948B45FD432}.Debug|x64.Build.0 = Debug|x64
		{897AEC42-52D7-4947-AAA1-2948B45FD432}.Debug|x64.Deploy.0 = Debug|x64
		{897AEC42-52D7-4947-AAA1-2948B45FD432}.Debug|x86.ActiveCfg = Debug|x86
		{897AEC42-52D7-4947-AAA1-2948B45FD432}.Debug|x86.Build.0 = Debug|x86
		{897AEC42-52D7-4947-AAA1-2948B45FD432}.Debug|x86.Deploy.0 = Debug|x86
		{897AEC42-52D7-4947-AAA1-2948B45FD432}.Release|Any CPU.ActiveCfg = Release|x86
		{897AEC42-52D7-4947-AAA1-2948B45FD432}.Release|Any CPU.Build.0 = Release|x86
		{897AEC42-52D7-4947-AAA1-2948B45FD432}.Release|Any CPU.Deploy.0 = Release|x86
		{897AEC42-52D7-4947-AAA1-2948B45FD432}.Release|ARM.ActiveCfg = Release|ARM
		{897AEC42-52D7-4947-AAA1-2948B45FD432}.Release|ARM.Build.0 = Release|ARM
		{897AEC42-52D7-4947-AAA1-2948B45FD432}.Release|ARM.Deploy.0 = Release|ARM
		{897AEC42-52D7-4947-AAA1-2948B45FD432}.Release|iPhone.ActiveCfg = Release|x86
		{897AEC42-52D7-4947-AAA1-2948B45FD432}.Release|iPhone.Build.0 = Release|x86
		{897AEC42-52D7-4947-AAA1-2948B45FD432}.Release|iPhone.Deploy.0 = Release|x86
		{897AEC42-52D7-4947-AAA1-2948B45FD432}.Release|iPhoneSimulator.ActiveCfg = Release|x86
		{897AEC42-52D7-4947-AAA1-2948B45FD432}.Release|iPhoneSimulator.Build.0 = Release|x86
		{897AEC42-52D7-4947-AAA1-2948B45FD432}.Release|iPhoneSimulator.Deploy.0 = Release|x86
		{897AEC42-52D7-4947-AAA1-2948B45FD432}.Release|x64.ActiveCfg = Release|x64
		{897AEC42-52D7-4947-AAA1-2948B45FD432}.Release|x64.Build.0 = Release|x64
		{897AEC42-52D7-4947-AAA1-2948B45FD432}.Release|x64.Deploy.0 = Release|x64
		{897AEC42-52D7-4947-AAA1-2948B45FD432}.Release|x86.ActiveCfg = Release|x86
		{897AEC42-52D7-4947-AAA1-2948B45FD432}.Release|x86.Build.0 = Release|x86
		{897AEC42-52D7-4947-AAA1-2948B45FD432}.Release|x86.Deploy.0 = Release|x86
	EndGlobalSection
	GlobalSection(SolutionProperties) = preSolution
		HideSolutionNode = FALSE
	EndGlobalSection
	GlobalSection(ExtensibilityGlobals) = postSolution
		SolutionGuid = {FB4570FF-17E5-4678-95D6-1C4095446233}
	EndGlobalSection
EndGlobal
